// !$*UTF8*$!
{
	archiveVersion = 1;
	classes = {
	};
	objectVersion = 55;
	objects = {

/* Begin PBXBuildFile section */
		D36C07DB299E94850062CA8B /* AppDelegate.swift in Sources */ = {isa = PBXBuildFile; fileRef = D36C07DA299E94850062CA8B /* AppDelegate.swift */; };
		D36C07DD299E94850062CA8B /* SceneDelegate.swift in Sources */ = {isa = PBXBuildFile; fileRef = D36C07DC299E94850062CA8B /* SceneDelegate.swift */; };
		D36C07DF299E94850062CA8B /* ViewController.swift in Sources */ = {isa = PBXBuildFile; fileRef = D36C07DE299E94850062CA8B /* ViewController.swift */; };
		D36C07E2299E94850062CA8B /* Main.storyboard in Resources */ = {isa = PBXBuildFile; fileRef = D36C07E0299E94850062CA8B /* Main.storyboard */; };
		D36C07E4299E94860062CA8B /* Assets.xcassets in Resources */ = {isa = PBXBuildFile; fileRef = D36C07E3299E94860062CA8B /* Assets.xcassets */; };
		D36C07E7299E94860062CA8B /* LaunchScreen.storyboard in Resources */ = {isa = PBXBuildFile; fileRef = D36C07E5299E94860062CA8B /* LaunchScreen.storyboard */; };
		D36C07F2299E94870062CA8B /* redioBUttonForCustomCollectionTests.swift in Sources */ = {isa = PBXBuildFile; fileRef = D36C07F1299E94870062CA8B /* redioBUttonForCustomCollectionTests.swift */; };
		D36C07FC299E94870062CA8B /* redioBUttonForCustomCollectionUITests.swift in Sources */ = {isa = PBXBuildFile; fileRef = D36C07FB299E94870062CA8B /* redioBUttonForCustomCollectionUITests.swift */; };
		D36C07FE299E94870062CA8B /* redioBUttonForCustomCollectionUITestsLaunchTests.swift in Sources */ = {isa = PBXBuildFile; fileRef = D36C07FD299E94870062CA8B /* redioBUttonForCustomCollectionUITestsLaunchTests.swift */; };
		D379F082299EB30400D3BC37 /* CollectionViewCell.swift in Sources */ = {isa = PBXBuildFile; fileRef = D379F081299EB30400D3BC37 /* CollectionViewCell.swift */; };
/* End PBXBuildFile section */

/* Begin PBXContainerItemProxy section */
		D36C07EE299E94870062CA8B /* PBXContainerItemProxy */ = {
			isa = PBXContainerItemProxy;
			containerPortal = D36C07CF299E94850062CA8B /* Project object */;
			proxyType = 1;
			remoteGlobalIDString = D36C07D6299E94850062CA8B;
			remoteInfo = redioBUttonForCustomCollection;
		};
		D36C07F8299E94870062CA8B /* PBXContainerItemProxy */ = {
			isa = PBXContainerItemProxy;
			containerPortal = D36C07CF299E94850062CA8B /* Project object */;
			proxyType = 1;
			remoteGlobalIDString = D36C07D6299E94850062CA8B;
			remoteInfo = redioBUttonForCustomCollection;
		};
/* End PBXContainerItemProxy section */

/* Begin PBXFileReference section */
		D36C07D7299E94850062CA8B /* redioBUttonForCustomCollection.app */ = {isa = PBXFileReference; explicitFileType = wrapper.application; includeInIndex = 0; path = redioBUttonForCustomCollection.app; sourceTree = BUILT_PRODUCTS_DIR; };
		D36C07DA299E94850062CA8B /* AppDelegate.swift */ = {isa = PBXFileReference; lastKnownFileType = sourcecode.swift; path = AppDelegate.swift; sourceTree = "<group>"; };
		D36C07DC299E94850062CA8B /* SceneDelegate.swift */ = {isa = PBXFileReference; lastKnownFileType = sourcecode.swift; path = SceneDelegate.swift; sourceTree = "<group>"; };
		D36C07DE299E94850062CA8B /* ViewController.swift */ = {isa = PBXFileReference; lastKnownFileType = sourcecode.swift; path = ViewController.swift; sourceTree = "<group>"; };
		D36C07E1299E94850062CA8B /* Base */ = {isa = PBXFileReference; lastKnownFileType = file.storyboard; name = Base; path = Base.lproj/Main.storyboard; sourceTree = "<group>"; };
		D36C07E3299E94860062CA8B /* Assets.xcassets */ = {isa = PBXFileReference; lastKnownFileType = folder.assetcatalog; path = Assets.xcassets; sourceTree = "<group>"; };
		D36C07E6299E94860062CA8B /* Base */ = {isa = PBXFileReference; lastKnownFileType = file.storyboard; name = Base; path = Base.lproj/LaunchScreen.storyboard; sourceTree = "<group>"; };
		D36C07E8299E94870062CA8B /* Info.plist */ = {isa = PBXFileReference; lastKnownFileType = text.plist.xml; path = Info.plist; sourceTree = "<group>"; };
		D36C07ED299E94870062CA8B /* redioBUttonForCustomCollectionTests.xctest */ = {isa = PBXFileReference; explicitFileType = wrapper.cfbundle; includeInIndex = 0; path = redioBUttonForCustomCollectionTests.xctest; sourceTree = BUILT_PRODUCTS_DIR; };
		D36C07F1299E94870062CA8B /* redioBUttonForCustomCollectionTests.swift */ = {isa = PBXFileReference; lastKnownFileType = sourcecode.swift; path = redioBUttonForCustomCollectionTests.swift; sourceTree = "<group>"; };
		D36C07F7299E94870062CA8B /* redioBUttonForCustomCollectionUITests.xctest */ = {isa = PBXFileReference; explicitFileType = wrapper.cfbundle; includeInIndex = 0; path = redioBUttonForCustomCollectionUITests.xctest; sourceTree = BUILT_PRODUCTS_DIR; };
		D36C07FB299E94870062CA8B /* redioBUttonForCustomCollectionUITests.swift */ = {isa = PBXFileReference; lastKnownFileType = sourcecode.swift; path = redioBUttonForCustomCollectionUITests.swift; sourceTree = "<group>"; };
		D36C07FD299E94870062CA8B /* redioBUttonForCustomCollectionUITestsLaunchTests.swift */ = {isa = PBXFileReference; lastKnownFileType = sourcecode.swift; path = redioBUttonForCustomCollectionUITestsLaunchTests.swift; sourceTree = "<group>"; };
		D379F081299EB30400D3BC37 /* CollectionViewCell.swift */ = {isa = PBXFileReference; lastKnownFileType = sourcecode.swift; path = CollectionViewCell.swift; sourceTree = "<group>"; };
/* End PBXFileReference section */

/* Begin PBXFrameworksBuildPhase section */
		D36C07D4299E94850062CA8B /* Frameworks */ = {
			isa = PBXFrameworksBuildPhase;
			buildActionMask = 2147483647;
			files = (
			);
			runOnlyForDeploymentPostprocessing = 0;
		};
		D36C07EA299E94870062CA8B /* Frameworks */ = {
			isa = PBXFrameworksBuildPhase;
			buildActionMask = 2147483647;
			files = (
			);
			runOnlyForDeploymentPostprocessing = 0;
		};
		D36C07F4299E94870062CA8B /* Frameworks */ = {
			isa = PBXFrameworksBuildPhase;
			buildActionMask = 2147483647;
			files = (
			);
			runOnlyForDeploymentPostprocessing = 0;
		};
/* End PBXFrameworksBuildPhase section */

/* Begin PBXGroup section */
		D36C07CE299E94850062CA8B = {
			isa = PBXGroup;
			children = (
				D36C07D9299E94850062CA8B /* redioBUttonForCustomCollection */,
				D36C07F0299E94870062CA8B /* redioBUttonForCustomCollectionTests */,
				D36C07FA299E94870062CA8B /* redioBUttonForCustomCollectionUITests */,
				D36C07D8299E94850062CA8B /* Products */,
			);
			sourceTree = "<group>";
		};
		D36C07D8299E94850062CA8B /* Products */ = {
			isa = PBXGroup;
			children = (
				D36C07D7299E94850062CA8B /* redioBUttonForCustomCollection.app */,
				D36C07ED299E94870062CA8B /* redioBUttonForCustomCollectionTests.xctest */,
				D36C07F7299E94870062CA8B /* redioBUttonForCustomCollectionUITests.xctest */,
			);
			name = Products;
			sourceTree = "<group>";
		};
		D36C07D9299E94850062CA8B /* redioBUttonForCustomCollection */ = {
			isa = PBXGroup;
			children = (
				D36C07DA299E94850062CA8B /* AppDelegate.swift */,
				D36C07DC299E94850062CA8B /* SceneDelegate.swift */,
				D36C07DE299E94850062CA8B /* ViewController.swift */,
				D36C07E0299E94850062CA8B /* Main.storyboard */,
				D379F081299EB30400D3BC37 /* CollectionViewCell.swift */,
				D36C07E3299E94860062CA8B /* Assets.xcassets */,
				D36C07E5299E94860062CA8B /* LaunchScreen.storyboard */,
				D36C07E8299E94870062CA8B /* Info.plist */,
			);
			path = redioBUttonForCustomCollection;
			sourceTree = "<group>";
		};
		D36C07F0299E94870062CA8B /* redioBUttonForCustomCollectionTests */ = {
			isa = PBXGroup;
			children = (
				D36C07F1299E94870062CA8B /* redioBUttonForCustomCollectionTests.swift */,
			);
			path = redioBUttonForCustomCollectionTests;
			sourceTree = "<group>";
		};
		D36C07FA299E94870062CA8B /* redioBUttonForCustomCollectionUITests */ = {
			isa = PBXGroup;
			children = (
				D36C07FB299E94870062CA8B /* redioBUttonForCustomCollectionUITests.swift */,
				D36C07FD299E94870062CA8B /* redioBUttonForCustomCollectionUITestsLaunchTests.swift */,
			);
			path = redioBUttonForCustomCollectionUITests;
			sourceTree = "<group>";
		};
/* End PBXGroup section */

/* Begin PBXNativeTarget section */
		D36C07D6299E94850062CA8B /* redioBUttonForCustomCollection */ = {
			isa = PBXNativeTarget;
			buildConfigurationList = D36C0801299E94870062CA8B /* Build configuration list for PBXNativeTarget "redioBUttonForCustomCollection" */;
			buildPhases = (
				D36C07D3299E94850062CA8B /* Sources */,
				D36C07D4299E94850062CA8B /* Frameworks */,
				D36C07D5299E94850062CA8B /* Resources */,
			);
			buildRules = (
			);
			dependencies = (
			);
			name = redioBUttonForCustomCollection;
			productName = redioBUttonForCustomCollection;
			productReference = D36C07D7299E94850062CA8B /* redioBUttonForCustomCollection.app */;
			productType = "com.apple.product-type.application";
		};
		D36C07EC299E94870062CA8B /* redioBUttonForCustomCollectionTests */ = {
			isa = PBXNativeTarget;
			buildConfigurationList = D36C0804299E94870062CA8B /* Build configuration list for PBXNativeTarget "redioBUttonForCustomCollectionTests" */;
			buildPhases = (
				D36C07E9299E94870062CA8B /* Sources */,
				D36C07EA299E94870062CA8B /* Frameworks */,
				D36C07EB299E94870062CA8B /* Resources */,
			);
			buildRules = (
			);
			dependencies = (
				D36C07EF299E94870062CA8B /* PBXTargetDependency */,
			);
			name = redioBUttonForCustomCollectionTests;
			productName = redioBUttonForCustomCollectionTests;
			productReference = D36C07ED299E94870062CA8B /* redioBUttonForCustomCollectionTests.xctest */;
			productType = "com.apple.product-type.bundle.unit-test";
		};
		D36C07F6299E94870062CA8B /* redioBUttonForCustomCollectionUITests */ = {
			isa = PBXNativeTarget;
			buildConfigurationList = D36C0807299E94870062CA8B /* Build configuration list for PBXNativeTarget "redioBUttonForCustomCollectionUITests" */;
			buildPhases = (
				D36C07F3299E94870062CA8B /* Sources */,
				D36C07F4299E94870062CA8B /* Frameworks */,
				D36C07F5299E94870062CA8B /* Resources */,
			);
			buildRules = (
			);
			dependencies = (
				D36C07F9299E94870062CA8B /* PBXTargetDependency */,
			);
			name = redioBUttonForCustomCollectionUITests;
			productName = redioBUttonForCustomCollectionUITests;
			productReference = D36C07F7299E94870062CA8B /* redioBUttonForCustomCollectionUITests.xctest */;
			productType = "com.apple.product-type.bundle.ui-testing";
		};
/* End PBXNativeTarget section */

/* Begin PBXProject section */
		D36C07CF299E94850062CA8B /* Project object */ = {
			isa = PBXProject;
			attributes = {
				BuildIndependentTargetsInParallel = 1;
				LastSwiftUpdateCheck = 1300;
				LastUpgradeCheck = 1300;
				TargetAttributes = {
					D36C07D6299E94850062CA8B = {
						CreatedOnToolsVersion = 13.0;
					};
					D36C07EC299E94870062CA8B = {
						CreatedOnToolsVersion = 13.0;
						TestTargetID = D36C07D6299E94850062CA8B;
					};
					D36C07F6299E94870062CA8B = {
						CreatedOnToolsVersion = 13.0;
						TestTargetID = D36C07D6299E94850062CA8B;
					};
				};
			};
			buildConfigurationList = D36C07D2299E94850062CA8B /* Build configuration list for PBXProject "redioBUttonForCustomCollection" */;
			compatibilityVersion = "Xcode 13.0";
			developmentRegion = en;
			hasScannedForEncodings = 0;
			knownRegions = (
				en,
				Base,
			);
			mainGroup = D36C07CE299E94850062CA8B;
			productRefGroup = D36C07D8299E94850062CA8B /* Products */;
			projectDirPath = "";
			projectRoot = "";
			targets = (
				D36C07D6299E94850062CA8B /* redioBUttonForCustomCollection */,
				D36C07EC299E94870062CA8B /* redioBUttonForCustomCollectionTests */,
				D36C07F6299E94870062CA8B /* redioBUttonForCustomCollectionUITests */,
			);
		};
/* End PBXProject section */

/* Begin PBXResourcesBuildPhase section */
		D36C07D5299E94850062CA8B /* Resources */ = {
			isa = PBXResourcesBuildPhase;
			buildActionMask = 2147483647;
			files = (
				D36C07E7299E94860062CA8B /* LaunchScreen.storyboard in Resources */,
				D36C07E4299E94860062CA8B /* Assets.xcassets in Resources */,
				D36C07E2299E94850062CA8B /* Main.storyboard in Resources */,
			);
			runOnlyForDeploymentPostprocessing = 0;
		};
		D36C07EB299E94870062CA8B /* Resources */ = {
			isa = PBXResourcesBuildPhase;
			buildActionMask = 2147483647;
			files = (
			);
			runOnlyForDeploymentPostprocessing = 0;
		};
		D36C07F5299E94870062CA8B /* Resources */ = {
			isa = PBXResourcesBuildPhase;
			buildActionMask = 2147483647;
			files = (
			);
			runOnlyForDeploymentPostprocessing = 0;
		};
/* End PBXResourcesBuildPhase section */

/* Begin PBXSourcesBuildPhase section */
		D36C07D3299E94850062CA8B /* Sources */ = {
			isa = PBXSourcesBuildPhase;
			buildActionMask = 2147483647;
			files = (
				D36C07DF299E94850062CA8B /* ViewController.swift in Sources */,
				D36C07DB299E94850062CA8B /* AppDelegate.swift in Sources */,
				D379F082299EB30400D3BC37 /* CollectionViewCell.swift in Sources */,
				D36C07DD299E94850062CA8B /* SceneDelegate.swift in Sources */,
			);
			runOnlyForDeploymentPostprocessing = 0;
		};
		D36C07E9299E94870062CA8B /* Sources */ = {
			isa = PBXSourcesBuildPhase;
			buildActionMask = 2147483647;
			files = (
				D36C07F2299E94870062CA8B /* redioBUttonForCustomCollectionTests.swift in Sources */,
			);
			runOnlyForDeploymentPostprocessing = 0;
		};
		D36C07F3299E94870062CA8B /* Sources */ = {
			isa = PBXSourcesBuildPhase;
			buildActionMask = 2147483647;
			files = (
				D36C07FC299E94870062CA8B /* redioBUttonForCustomCollectionUITests.swift in Sources */,
				D36C07FE299E94870062CA8B /* redioBUttonForCustomCollectionUITestsLaunchTests.swift in Sources */,
			);
			runOnlyForDeploymentPostprocessing = 0;
		};
/* End PBXSourcesBuildPhase section */

/* Begin PBXTargetDependency section */
		D36C07EF299E94870062CA8B /* PBXTargetDependency */ = {
			isa = PBXTargetDependency;
			target = D36C07D6299E94850062CA8B /* redioBUttonForCustomCollection */;
			targetProxy = D36C07EE299E94870062CA8B /* PBXContainerItemProxy */;
		};
		D36C07F9299E94870062CA8B /* PBXTargetDependency */ = {
			isa = PBXTargetDependency;
			target = D36C07D6299E94850062CA8B /* redioBUttonForCustomCollection */;
			targetProxy = D36C07F8299E94870062CA8B /* PBXContainerItemProxy */;
		};
/* End PBXTargetDependency section */

/* Begin PBXVariantGroup section */
		D36C07E0299E94850062CA8B /* Main.storyboard */ = {
			isa = PBXVariantGroup;
			children = (
				D36C07E1299E94850062CA8B /* Base */,
			);
			name = Main.storyboard;
			sourceTree = "<group>";
		};
		D36C07E5299E94860062CA8B /* LaunchScreen.storyboard */ = {
			isa = PBXVariantGroup;
			children = (
				D36C07E6299E94860062CA8B /* Base */,
			);
			name = LaunchScreen.storyboard;
			sourceTree = "<group>";
		};
/* End PBXVariantGroup section */

/* Begin XCBuildConfiguration section */
		D36C07FF299E94870062CA8B /* Debug */ = {
			isa = XCBuildConfiguration;
			buildSettings = {
				ALWAYS_SEARCH_USER_PATHS = NO;
				CLANG_ANALYZER_NONNULL = YES;
				CLANG_ANALYZER_NUMBER_OBJECT_CONVERSION = YES_AGGRESSIVE;
				CLANG_CXX_LANGUAGE_STANDARD = "gnu++17";
				CLANG_CXX_LIBRARY = "libc++";
				CLANG_ENABLE_MODULES = YES;
				CLANG_ENABLE_OBJC_ARC = YES;
				CLANG_ENABLE_OBJC_WEAK = YES;
				CLANG_WARN_BLOCK_CAPTURE_AUTORELEASING = YES;
				CLANG_WARN_BOOL_CONVERSION = YES;
				CLANG_WARN_COMMA = YES;
				CLANG_WARN_CONSTANT_CONVERSION = YES;
				CLANG_WARN_DEPRECATED_OBJC_IMPLEMENTATIONS = YES;
				CLANG_WARN_DIRECT_OBJC_ISA_USAGE = YES_ERROR;
				CLANG_WARN_DOCUMENTATION_COMMENTS = YES;
				CLANG_WARN_EMPTY_BODY = YES;
				CLANG_WARN_ENUM_CONVERSION = YES;
				CLANG_WARN_INFINITE_RECURSION = YES;
				CLANG_WARN_INT_CONVERSION = YES;
				CLANG_WARN_NON_LITERAL_NULL_CONVERSION = YES;
				CLANG_WARN_OBJC_IMPLICIT_RETAIN_SELF = YES;
				CLANG_WARN_OBJC_LITERAL_CONVERSION = YES;
				CLANG_WARN_OBJC_ROOT_CLASS = YES_ERROR;
				CLANG_WARN_QUOTED_INCLUDE_IN_FRAMEWORK_HEADER = YES;
				CLANG_WARN_RANGE_LOOP_ANALYSIS = YES;
				CLANG_WARN_STRICT_PROTOTYPES = YES;
				CLANG_WARN_SUSPICIOUS_MOVE = YES;
				CLANG_WARN_UNGUARDED_AVAILABILITY = YES_AGGRESSIVE;
				CLANG_WARN_UNREACHABLE_CODE = YES;
				CLANG_WARN__DUPLICATE_METHOD_MATCH = YES;
				COPY_PHASE_STRIP = NO;
				DEBUG_INFORMATION_FORMAT = dwarf;
				ENABLE_STRICT_OBJC_MSGSEND = YES;
				ENABLE_TESTABILITY = YES;
				GCC_C_LANGUAGE_STANDARD = gnu11;
				GCC_DYNAMIC_NO_PIC = NO;
				GCC_NO_COMMON_BLOCKS = YES;
				GCC_OPTIMIZATION_LEVEL = 0;
				GCC_PREPROCESSOR_DEFINITIONS = (
					"DEBUG=1",
					"$(inherited)",
				);
				GCC_WARN_64_TO_32_BIT_CONVERSION = YES;
				GCC_WARN_ABOUT_RETURN_TYPE = YES_ERROR;
				GCC_WARN_UNDECLARED_SELECTOR = YES;
				GCC_WARN_UNINITIALIZED_AUTOS = YES_AGGRESSIVE;
				GCC_WARN_UNUSED_FUNCTION = YES;
				GCC_WARN_UNUSED_VARIABLE = YES;
				IPHONEOS_DEPLOYMENT_TARGET = 15.0;
				MTL_ENABLE_DEBUG_INFO = INCLUDE_SOURCE;
				MTL_FAST_MATH = YES;
				ONLY_ACTIVE_ARCH = YES;
				SDKROOT = iphoneos;
				SWIFT_ACTIVE_COMPILATION_CONDITIONS = DEBUG;
				SWIFT_OPTIMIZATION_LEVEL = "-Onone";
			};
			name = Debug;
		};
		D36C0800299E94870062CA8B /* Release */ = {
			isa = XCBuildConfiguration;
			buildSettings = {
				ALWAYS_SEARCH_USER_PATHS = NO;
				CLANG_ANALYZER_NONNULL = YES;
				CLANG_ANALYZER_NUMBER_OBJECT_CONVERSION = YES_AGGRESSIVE;
				CLANG_CXX_LANGUAGE_STANDARD = "gnu++17";
				CLANG_CXX_LIBRARY = "libc++";
				CLANG_ENABLE_MODULES = YES;
				CLANG_ENABLE_OBJC_ARC = YES;
				CLANG_ENABLE_OBJC_WEAK = YES;
				CLANG_WARN_BLOCK_CAPTURE_AUTORELEASING = YES;
				CLANG_WARN_BOOL_CONVERSION = YES;
				CLANG_WARN_COMMA = YES;
				CLANG_WARN_CONSTANT_CONVERSION = YES;
				CLANG_WARN_DEPRECATED_OBJC_IMPLEMENTATIONS = YES;
				CLANG_WARN_DIRECT_OBJC_ISA_USAGE = YES_ERROR;
				CLANG_WARN_DOCUMENTATION_COMMENTS = YES;
				CLANG_WARN_EMPTY_BODY = YES;
				CLANG_WARN_ENUM_CONVERSION = YES;
				CLANG_WARN_INFINITE_RECURSION = YES;
				CLANG_WARN_INT_CONVERSION = YES;
				CLANG_WARN_NON_LITERAL_NULL_CONVERSION = YES;
				CLANG_WARN_OBJC_IMPLICIT_RETAIN_SELF = YES;
				CLANG_WARN_OBJC_LITERAL_CONVERSION = YES;
				CLANG_WARN_OBJC_ROOT_CLASS = YES_ERROR;
				CLANG_WARN_QUOTED_INCLUDE_IN_FRAMEWORK_HEADER = YES;
				CLANG_WARN_RANGE_LOOP_ANALYSIS = YES;
				CLANG_WARN_STRICT_PROTOTYPES = YES;
				CLANG_WARN_SUSPICIOUS_MOVE = YES;
				CLANG_WARN_UNGUARDED_AVAILABILITY = YES_AGGRESSIVE;
				CLANG_WARN_UNREACHABLE_CODE = YES;
				CLANG_WARN__DUPLICATE_METHOD_MATCH = YES;
				COPY_PHASE_STRIP = NO;
				DEBUG_INFORMATION_FORMAT = "dwarf-with-dsym";
				ENABLE_NS_ASSERTIONS = NO;
				ENABLE_STRICT_OBJC_MSGSEND = YES;
				GCC_C_LANGUAGE_STANDARD = gnu11;
				GCC_NO_COMMON_BLOCKS = YES;
				GCC_WARN_64_TO_32_BIT_CONVERSION = YES;
				GCC_WARN_ABOUT_RETURN_TYPE = YES_ERROR;
				GCC_WARN_UNDECLARED_SELECTOR = YES;
				GCC_WARN_UNINITIALIZED_AUTOS = YES_AGGRESSIVE;
				GCC_WARN_UNUSED_FUNCTION = YES;
				GCC_WARN_UNUSED_VARIABLE = YES;
				IPHONEOS_DEPLOYMENT_TARGET = 15.0;
				MTL_ENABLE_DEBUG_INFO = NO;
				MTL_FAST_MATH = YES;
				SDKROOT = iphoneos;
				SWIFT_COMPILATION_MODE = wholemodule;
				SWIFT_OPTIMIZATION_LEVEL = "-O";
				VALIDATE_PRODUCT = YES;
			};
			name = Release;
		};
		D36C0802299E94870062CA8B /* Debug */ = {
			isa = XCBuildConfiguration;
			buildSettings = {
				ASSETCATALOG_COMPILER_APPICON_NAME = AppIcon;
				ASSETCATALOG_COMPILER_GLOBAL_ACCENT_COLOR_NAME = AccentColor;
				CODE_SIGN_STYLE = Automatic;
				CURRENT_PROJECT_VERSION = 1;
				GENERATE_INFOPLIST_FILE = YES;
				INFOPLIST_FILE = redioBUttonForCustomCollection/Info.plist;
				INFOPLIST_KEY_UIApplicationSupportsIndirectInputEvents = YES;
				INFOPLIST_KEY_UILaunchStoryboardName = LaunchScreen;
				INFOPLIST_KEY_UIMainStoryboardFile = Main;
				INFOPLIST_KEY_UISupportedInterfaceOrientations_iPad = "UIInterfaceOrientationPortrait UIInterfaceOrientationPortraitUpsideDown UIInterfaceOrientationLandscapeLeft UIInterfaceOrientationLandscapeRight";
				INFOPLIST_KEY_UISupportedInterfaceOrientations_iPhone = "UIInterfaceOrientationPortrait UIInterfaceOrientationLandscapeLeft UIInterfaceOrientationLandscapeRight";
				LD_RUNPATH_SEARCH_PATHS = (
					"$(inherited)",
					"@executable_path/Frameworks",
				);
				MARKETING_VERSION = 1.0;
				PRODUCT_BUNDLE_IDENTIFIER = mansi.savani.redioBUttonForCustomCollection;
				PRODUCT_NAME = "$(TARGET_NAME)";
				SWIFT_EMIT_LOC_STRINGS = YES;
				SWIFT_VERSION = 5.0;
				TARGETED_DEVICE_FAMILY = "1,2";
			};
			name = Debug;
		};
		D36C0803299E94870062CA8B /* Release */ = {
			isa = XCBuildConfiguration;
			buildSettings = {
				ASSETCATALOG_COMPILER_APPICON_NAME = AppIcon;
				ASSETCATALOG_COMPILER_GLOBAL_ACCENT_COLOR_NAME = AccentColor;
				CODE_SIGN_STYLE = Automatic;
				CURRENT_PROJECT_VERSION = 1;
				GENERATE_INFOPLIST_FILE = YES;
				INFOPLIST_FILE = redioBUttonForCustomCollection/Info.plist;
				INFOPLIST_KEY_UIApplicationSupportsIndirectInputEvents = YES;
				INFOPLIST_KEY_UILaunchStoryboardName = LaunchScreen;
				INFOPLIST_KEY_UIMainStoryboardFile = Main;
				INFOPLIST_KEY_UISupportedInterfaceOrientations_iPad = "UIInterfaceOrientationPortrait UIInterfaceOrientationPortraitUpsideDown UIInterfaceOrientationLandscapeLeft UIInterfaceOrientationLandscapeRight";
				INFOPLIST_KEY_UISupportedInterfaceOrientations_iPhone = "UIInterfaceOrientationPortrait UIInterfaceOrientationLandscapeLeft UIInterfaceOrientationLandscapeRight";
				LD_RUNPATH_SEARCH_PATHS = (
					"$(inherited)",
					"@executable_path/Frameworks",
				);
				MARKETING_VERSION = 1.0;
				PRODUCT_BUNDLE_IDENTIFIER = mansi.savani.redioBUttonForCustomCollection;
				PRODUCT_NAME = "$(TARGET_NAME)";
				SWIFT_EMIT_LOC_STRINGS = YES;
				SWIFT_VERSION = 5.0;
				TARGETED_DEVICE_FAMILY = "1,2";
			};
			name = Release;
		};
		D36C0805299E94870062CA8B /* Debug */ = {
			isa = XCBuildConfiguration;
			buildSettings = {
				ALWAYS_EMBED_SWIFT_STANDARD_LIBRARIES = YES;
				BUNDLE_LOADER = "$(TEST_HOST)";
				CODE_SIGN_STYLE = Automatic;
				CURRENT_PROJECT_VERSION = 1;
				GENERATE_INFOPLIST_FILE = YES;
				IPHONEOS_DEPLOYMENT_TARGET = 15.0;
				LD_RUNPATH_SEARCH_PATHS = (
					"$(inherited)",
					"@executable_path/Frameworks",
					"@loader_path/Frameworks",
				);
				MARKETING_VERSION = 1.0;
				PRODUCT_BUNDLE_IDENTIFIER = mansi.savani.redioBUttonForCustomCollectionTests;
				PRODUCT_NAME = "$(TARGET_NAME)";
				SWIFT_EMIT_LOC_STRINGS = NO;
				SWIFT_VERSION = 5.0;
				TARGETED_DEVICE_FAMILY = "1,2";
				TEST_HOST = "$(BUILT_PRODUCTS_DIR)/redioBUttonForCustomCollection.app/redioBUttonForCustomCollection";
			};
			name = Debug;
		};
		D36C0806299E94870062CA8B /* Release */ = {
			isa = XCBuildConfiguration;
			buildSettings = {
				ALWAYS_EMBED_SWIFT_STANDARD_LIBRARIES = YES;
				BUNDLE_LOADER = "$(TEST_HOST)";
				CODE_SIGN_STYLE = Automatic;
				CURRENT_PROJECT_VERSION = 1;
				GENERATE_INFOPLIST_FILE = YES;
				IPHONEOS_DEPLOYMENT_TARGET = 15.0;
				LD_RUNPATH_SEARCH_PATHS = (
					"$(inherited)",
					"@executable_path/Frameworks",
					"@loader_path/Frameworks",
				);
				MARKETING_VERSION = 1.0;
				PRODUCT_BUNDLE_IDENTIFIER = mansi.savani.redioBUttonForCustomCollectionTests;
				PRODUCT_NAME = "$(TARGET_NAME)";
				SWIFT_EMIT_LOC_STRINGS = NO;
				SWIFT_VERSION = 5.0;
				TARGETED_DEVICE_FAMILY = "1,2";
				TEST_HOST = "$(BUILT_PRODUCTS_DIR)/redioBUttonForCustomCollection.app/redioBUttonForCustomCollection";
			};
			name = Release;
		};
		D36C0808299E94870062CA8B /* Debug */ = {
			isa = XCBuildConfiguration;
			buildSettings = {
				ALWAYS_EMBED_SWIFT_STANDARD_LIBRARIES = YES;
				CODE_SIGN_STYLE = Automatic;
				CURRENT_PROJECT_VERSION = 1;
				GENERATE_INFOPLIST_FILE = YES;
				LD_RUNPATH_SEARCH_PATHS = (
					"$(inherited)",
					"@executable_path/Frameworks",
					"@loader_path/Frameworks",
				);
				MARKETING_VERSION = 1.0;
				PRODUCT_BUNDLE_IDENTIFIER = mansi.savani.redioBUttonForCustomCollectionUITests;
				PRODUCT_NAME = "$(TARGET_NAME)";
				SWIFT_EMIT_LOC_STRINGS = NO;
				SWIFT_VERSION = 5.0;
				TARGETED_DEVICE_FAMILY = "1,2";
				TEST_TARGET_NAME = redioBUttonForCustomCollection;
			};
			name = Debug;
		};
		D36C0809299E94870062CA8B /* Release */ = {
			isa = XCBuildConfiguration;
			buildSettings = {
				ALWAYS_EMBED_SWIFT_STANDARD_LIBRARIES = YES;
				CODE_SIGN_STYLE = Automatic;
				CURRENT_PROJECT_VERSION = 1;
				GENERATE_INFOPLIST_FILE = YES;
				LD_RUNPATH_SEARCH_PATHS = (
					"$(inherited)",
					"@executable_path/Frameworks",
					"@loader_path/Frameworks",
				);
				MARKETING_VERSION = 1.0;
				PRODUCT_BUNDLE_IDENTIFIER = mansi.savani.redioBUttonForCustomCollectionUITests;
				PRODUCT_NAME = "$(TARGET_NAME)";
				SWIFT_EMIT_LOC_STRINGS = NO;
				SWIFT_VERSION = 5.0;
				TARGETED_DEVICE_FAMILY = "1,2";
				TEST_TARGET_NAME = redioBUttonForCustomCollection;
			};
			name = Release;
		};
/* End XCBuildConfiguration section */

/* Begin XCConfigurationList section */
		D36C07D2299E94850062CA8B /* Build configuration list for PBXProject "redioBUttonForCustomCollection" */ = {
			isa = XCConfigurationList;
			buildConfigurations = (
				D36C07FF299E94870062CA8B /* Debug */,
				D36C0800299E94870062CA8B /* Release */,
			);
			defaultConfigurationIsVisible = 0;
			defaultConfigurationName = Release;
		};
		D36C0801299E94870062CA8B /* Build configuration list for PBXNativeTarget "redioBUttonForCustomCollection" */ = {
			isa = XCConfigurationList;
			buildConfigurations = (
				D36C0802299E94870062CA8B /* Debug */,
				D36C0803299E94870062CA8B /* Release */,
			);
			defaultConfigurationIsVisible = 0;
			defaultConfigurationName = Release;
		};
		D36C0804299E94870062CA8B /* Build configuration list for PBXNativeTarget "redioBUttonForCustomCollectionTests" */ = {
			isa = XCConfigurationList;
			buildConfigurations = (
				D36C0805299E94870062CA8B /* Debug */,
				D36C0806299E94870062CA8B /* Release */,
			);
			defaultConfigurationIsVisible = 0;
			defaultConfigurationName = Release;
		};
		D36C0807299E94870062CA8B /* Build configuration list for PBXNativeTarget "redioBUttonForCustomCollectionUITests" */ = {
			isa = XCConfigurationList;
			buildConfigurations = (
				D36C0808299E94870062CA8B /* Debug */,
				D36C0809299E94870062CA8B /* Release */,
			);
			defaultConfigurationIsVisible = 0;
			defaultConfigurationName = Release;
		};
/* End XCConfigurationList section */
	};
	rootObject = D36C07CF299E94850062CA8B /* Project object */;
}
